
Microsoft Visual Studio Solution File, Format Version 12.00
Project("{FAE04EC0-301F-11D3-BF4B-00C04F79EFBC}") = "1-TwoSum", "1-TwoSum\1-TwoSum.csproj", "{2FEFEF33-EF09-4B11-A921-5B4713F3EF07}"
EndProject
Global
	GlobalSection(SolutionConfigurationPlatforms) = preSolution
		Debug|Any CPU = Debug|Any CPU
		Release|Any CPU = Release|Any CPU
	EndGlobalSection
	GlobalSection(ProjectConfigurationPlatforms) = postSolution
		{2FEFEF33-EF09-4B11-A921-5B4713F3EF07}.Debug|Any CPU.ActiveCfg = Debug|Any CPU
		{2FEFEF33-EF09-4B11-A921-5B4713F3EF07}.Debug|Any CPU.Build.0 = Debug|Any CPU
		{2FEFEF33-EF09-4B11-A921-5B4713F3EF07}.Release|Any CPU.ActiveCfg = Release|Any CPU
		{2FEFEF33-EF09-4B11-A921-5B4713F3EF07}.Release|Any CPU.Build.0 = Release|Any CPU
	EndGlobalSection
EndGlobal
