
Microsoft Visual Studio Solution File, Format Version 12.00
# Visual Studio Version 17
VisualStudioVersion = 17.14.36518.9
MinimumVisualStudioVersion = 10.0.40219.1
Project("{FAE04EC0-301F-11D3-BF4B-00C04F79EFBC}") = "1518-WaterBottles", "1518-WaterBottles\1518-WaterBottles.csproj", "{58DD62AA-C88F-418A-856D-926AAEDC7080}"
EndProject
Project("{FAE04EC0-301F-11D3-BF4B-00C04F79EFBC}") = "2-AddTwoNumbers", "2-AddTwoNumbers\2-AddTwoNumbers.csproj", "{75D70325-57E7-4B10-A953-C02ED2495F13}"
EndProject
Project("{FAE04EC0-301F-11D3-BF4B-00C04F79EFBC}") = "3-LongestSubstringWithoutRepeatingCharacters", "3-LongestSubstringWithoutRepeatingCharacters\3-LongestSubstringWithoutRepeatingCharacters.csproj", "{BEA919A6-3090-4069-B41D-4F898FF1F436}"
EndProject
Project("{FAE04EC0-301F-11D3-BF4B-00C04F79EFBC}") = "4-MedianOfTwoSortedArrays", "4-MedianOfTwoSortedArrays\4-MedianOfTwoSortedArrays.csproj", "{346F7E3F-9EAB-4620-939B-DF00693AFD7F}"
EndProject
Global
	GlobalSection(SolutionConfigurationPlatforms) = preSolution
		Debug|Any CPU = Debug|Any CPU
		Release|Any CPU = Release|Any CPU
	EndGlobalSection
	GlobalSection(ProjectConfigurationPlatforms) = postSolution
		{58DD62AA-C88F-418A-856D-926AAEDC7080}.Debug|Any CPU.ActiveCfg = Debug|Any CPU
		{58DD62AA-C88F-418A-856D-926AAEDC7080}.Debug|Any CPU.Build.0 = Debug|Any CPU
		{58DD62AA-C88F-418A-856D-926AAEDC7080}.Release|Any CPU.ActiveCfg = Release|Any CPU
		{58DD62AA-C88F-418A-856D-926AAEDC7080}.Release|Any CPU.Build.0 = Release|Any CPU
		{75D70325-57E7-4B10-A953-C02ED2495F13}.Debug|Any CPU.ActiveCfg = Debug|Any CPU
		{75D70325-57E7-4B10-A953-C02ED2495F13}.Debug|Any CPU.Build.0 = Debug|Any CPU
		{75D70325-57E7-4B10-A953-C02ED2495F13}.Release|Any CPU.ActiveCfg = Release|Any CPU
		{75D70325-57E7-4B10-A953-C02ED2495F13}.Release|Any CPU.Build.0 = Release|Any CPU
		{BEA919A6-3090-4069-B41D-4F898FF1F436}.Debug|Any CPU.ActiveCfg = Debug|Any CPU
		{BEA919A6-3090-4069-B41D-4F898FF1F436}.Debug|Any CPU.Build.0 = Debug|Any CPU
		{BEA919A6-3090-4069-B41D-4F898FF1F436}.Release|Any CPU.ActiveCfg = Release|Any CPU
		{BEA919A6-3090-4069-B41D-4F898FF1F436}.Release|Any CPU.Build.0 = Release|Any CPU
		{346F7E3F-9EAB-4620-939B-DF00693AFD7F}.Debug|Any CPU.ActiveCfg = Debug|Any CPU
		{346F7E3F-9EAB-4620-939B-DF00693AFD7F}.Debug|Any CPU.Build.0 = Debug|Any CPU
		{346F7E3F-9EAB-4620-939B-DF00693AFD7F}.Release|Any CPU.ActiveCfg = Release|Any CPU
		{346F7E3F-9EAB-4620-939B-DF00693AFD7F}.Release|Any CPU.Build.0 = Release|Any CPU
	EndGlobalSection
	GlobalSection(SolutionProperties) = preSolution
		HideSolutionNode = FALSE
	EndGlobalSection
	GlobalSection(ExtensibilityGlobals) = postSolution
		SolutionGuid = {98B4CED4-3036-4812-9E53-EC60E5E9E531}
	EndGlobalSection
EndGlobal
